
Microsoft Visual Studio Solution File, Format Version 12.00
# Visual Studio 14
VisualStudioVersion = 14.0.24720.0
MinimumVisualStudioVersion = 10.0.40219.1
Project("{FAE04EC0-301F-11D3-BF4B-00C04F79EFBC}") = "TaxCalculatorSolid", "TaxCalculatorSolid.csproj", "{851FB660-3FB3-4739-972A-718672EA0054}"
EndProject
Project("{FAE04EC0-301F-11D3-BF4B-00C04F79EFBC}") = "TaxCalculatorEngine", "..\TaxCalculatorEngine\TaxCalculatorEngine.csproj", "{A50B5F38-20C2-4350-938B-1AD12BB071C6}"
EndProject
Project("{FAE04EC0-301F-11D3-BF4B-00C04F79EFBC}") = "TaxCalculatorEngineTest", "..\TaxCalculatorEngineTest\TaxCalculatorEngineTest.csproj", "{E3C3A529-9225-4983-B09F-85CEDD35FC7A}"
EndProject
Global
	GlobalSection(SolutionConfigurationPlatforms) = preSolution
		Debug|Any CPU = Debug|Any CPU
		Release|Any CPU = Release|Any CPU
	EndGlobalSection
	GlobalSection(ProjectConfigurationPlatforms) = postSolution
		{851FB660-3FB3-4739-972A-718672EA0054}.Debug|Any CPU.ActiveCfg = Debug|Any CPU
		{851FB660-3FB3-4739-972A-718672EA0054}.Debug|Any CPU.Build.0 = Debug|Any CPU
		{851FB660-3FB3-4739-972A-718672EA0054}.Release|Any CPU.ActiveCfg = Release|Any CPU
		{851FB660-3FB3-4739-972A-718672EA0054}.Release|Any CPU.Build.0 = Release|Any CPU
		{A50B5F38-20C2-4350-938B-1AD12BB071C6}.Debug|Any CPU.ActiveCfg = Debug|Any CPU
		{A50B5F38-20C2-4350-938B-1AD12BB071C6}.Debug|Any CPU.Build.0 = Debug|Any CPU
		{A50B5F38-20C2-4350-938B-1AD12BB071C6}.Release|Any CPU.ActiveCfg = Release|Any CPU
		{A50B5F38-20C2-4350-938B-1AD12BB071C6}.Release|Any CPU.Build.0 = Release|Any CPU
		{E3C3A529-9225-4983-B09F-85CEDD35FC7A}.Debug|Any CPU.ActiveCfg = Debug|Any CPU
		{E3C3A529-9225-4983-B09F-85CEDD35FC7A}.Debug|Any CPU.Build.0 = Debug|Any CPU
		{E3C3A529-9225-4983-B09F-85CEDD35FC7A}.Release|Any CPU.ActiveCfg = Release|Any CPU
		{E3C3A529-9225-4983-B09F-85CEDD35FC7A}.Release|Any CPU.Build.0 = Release|Any CPU
	EndGlobalSection
	GlobalSection(SolutionProperties) = preSolution
		HideSolutionNode = FALSE
	EndGlobalSection
EndGlobal
